
Microsoft Visual Studio Solution File, Format Version 12.00
# Visual Studio Version 17
VisualStudioVersion = 17.12.35527.113 d17.12
MinimumVisualStudioVersion = 10.0.40219.1
Project("{FAE04EC0-301F-11D3-BF4B-00C04F79EFBC}") = "MovimientosBackend", "MovimientosBackend\MovimientosBackend.csproj", "{2057293B-98EB-4D98-81A4-6F18973DEE3E}"
EndProject
Project("{FAE04EC0-301F-11D3-BF4B-00C04F79EFBC}") = "PersistenciaDataBase", "PersistenciaDataBase\PersistenciaDataBase.csproj", "{A5156557-DDD7-4DA5-B274-6CFA474EF14A}"
EndProject
Project("{FAE04EC0-301F-11D3-BF4B-00C04F79EFBC}") = "MovimientosBusiness", "MovimientosBusiness\MovimientosBusiness.csproj", "{D1A50B9A-79E6-48FD-AAE2-9C6AD5178A29}"
EndProject
Project("{FAE04EC0-301F-11D3-BF4B-00C04F79EFBC}") = "MovimientosEntities", "MovimientosEntities\MovimientosEntities.csproj", "{6C2123E2-B0AF-465D-A9DF-ECB5614D1635}"
EndProject
Global
	GlobalSection(SolutionConfigurationPlatforms) = preSolution
		Debug|Any CPU = Debug|Any CPU
		Release|Any CPU = Release|Any CPU
	EndGlobalSection
	GlobalSection(ProjectConfigurationPlatforms) = postSolution
		{2057293B-98EB-4D98-81A4-6F18973DEE3E}.Debug|Any CPU.ActiveCfg = Debug|Any CPU
		{2057293B-98EB-4D98-81A4-6F18973DEE3E}.Debug|Any CPU.Build.0 = Debug|Any CPU
		{2057293B-98EB-4D98-81A4-6F18973DEE3E}.Release|Any CPU.ActiveCfg = Release|Any CPU
		{2057293B-98EB-4D98-81A4-6F18973DEE3E}.Release|Any CPU.Build.0 = Release|Any CPU
		{A5156557-DDD7-4DA5-B274-6CFA474EF14A}.Debug|Any CPU.ActiveCfg = Debug|Any CPU
		{A5156557-DDD7-4DA5-B274-6CFA474EF14A}.Debug|Any CPU.Build.0 = Debug|Any CPU
		{A5156557-DDD7-4DA5-B274-6CFA474EF14A}.Release|Any CPU.ActiveCfg = Release|Any CPU
		{A5156557-DDD7-4DA5-B274-6CFA474EF14A}.Release|Any CPU.Build.0 = Release|Any CPU
		{D1A50B9A-79E6-48FD-AAE2-9C6AD5178A29}.Debug|Any CPU.ActiveCfg = Debug|Any CPU
		{D1A50B9A-79E6-48FD-AAE2-9C6AD5178A29}.Debug|Any CPU.Build.0 = Debug|Any CPU
		{D1A50B9A-79E6-48FD-AAE2-9C6AD5178A29}.Release|Any CPU.ActiveCfg = Release|Any CPU
		{D1A50B9A-79E6-48FD-AAE2-9C6AD5178A29}.Release|Any CPU.Build.0 = Release|Any CPU
		{6C2123E2-B0AF-465D-A9DF-ECB5614D1635}.Debug|Any CPU.ActiveCfg = Debug|Any CPU
		{6C2123E2-B0AF-465D-A9DF-ECB5614D1635}.Debug|Any CPU.Build.0 = Debug|Any CPU
		{6C2123E2-B0AF-465D-A9DF-ECB5614D1635}.Release|Any CPU.ActiveCfg = Release|Any CPU
		{6C2123E2-B0AF-465D-A9DF-ECB5614D1635}.Release|Any CPU.Build.0 = Release|Any CPU
	EndGlobalSection
	GlobalSection(SolutionProperties) = preSolution
		HideSolutionNode = FALSE
	EndGlobalSection
EndGlobal
